
Microsoft Visual Studio Solution File, Format Version 12.00
# Visual Studio 15
VisualStudioVersion = 15.0.25807.0
MinimumVisualStudioVersion = 10.0.40219.1
Project("{FAE04EC0-301F-11D3-BF4B-00C04F79EFBC}") = "NauralNetworks", "NauralNetworks\NauralNetworks.csproj", "{34CC80BD-8217-4C42-A2FC-5788C990C985}"
EndProject
Project("{FAE04EC0-301F-11D3-BF4B-00C04F79EFBC}") = "ObsidiaNetwork", "Network\ObsidiaNetwork.csproj", "{11E3DB2B-B888-4E50-A5AF-45065FC137F9}"
EndProject
Global
	GlobalSection(SolutionConfigurationPlatforms) = preSolution
		Debug|Any CPU = Debug|Any CPU
		Release|Any CPU = Release|Any CPU
	EndGlobalSection
	GlobalSection(ProjectConfigurationPlatforms) = postSolution
		{34CC80BD-8217-4C42-A2FC-5788C990C985}.Debug|Any CPU.ActiveCfg = Debug|Any CPU
		{34CC80BD-8217-4C42-A2FC-5788C990C985}.Debug|Any CPU.Build.0 = Debug|Any CPU
		{34CC80BD-8217-4C42-A2FC-5788C990C985}.Release|Any CPU.ActiveCfg = Release|Any CPU
		{34CC80BD-8217-4C42-A2FC-5788C990C985}.Release|Any CPU.Build.0 = Release|Any CPU
		{11E3DB2B-B888-4E50-A5AF-45065FC137F9}.Debug|Any CPU.ActiveCfg = Debug|Any CPU
		{11E3DB2B-B888-4E50-A5AF-45065FC137F9}.Debug|Any CPU.Build.0 = Debug|Any CPU
		{11E3DB2B-B888-4E50-A5AF-45065FC137F9}.Release|Any CPU.ActiveCfg = Release|Any CPU
		{11E3DB2B-B888-4E50-A5AF-45065FC137F9}.Release|Any CPU.Build.0 = Release|Any CPU
	EndGlobalSection
	GlobalSection(SolutionProperties) = preSolution
		HideSolutionNode = FALSE
	EndGlobalSection
EndGlobal
